
Microsoft Visual Studio Solution File, Format Version 11.00
# Visual C# Express 2010
Project("{FAE04EC0-301F-11D3-BF4B-00C04F79EFBC}") = "Pt scoala", "Pt scoala\Pt scoala.csproj", "{E34D47F5-0FC4-4065-BFF0-68D6C4B4D885}"
EndProject
Global
	GlobalSection(SolutionConfigurationPlatforms) = preSolution
		Debug|x86 = Debug|x86
		Release|x86 = Release|x86
	EndGlobalSection
	GlobalSection(ProjectConfigurationPlatforms) = postSolution
		{E34D47F5-0FC4-4065-BFF0-68D6C4B4D885}.Debug|x86.ActiveCfg = Debug|x86
		{E34D47F5-0FC4-4065-BFF0-68D6C4B4D885}.Debug|x86.Build.0 = Debug|x86
		{E34D47F5-0FC4-4065-BFF0-68D6C4B4D885}.Release|x86.ActiveCfg = Release|x86
		{E34D47F5-0FC4-4065-BFF0-68D6C4B4D885}.Release|x86.Build.0 = Release|x86
	EndGlobalSection
	GlobalSection(SolutionProperties) = preSolution
		HideSolutionNode = FALSE
	EndGlobalSection
EndGlobal
